// !$*UTF8*$!
{
	archiveVersion = 1;
	classes = {
	};
	objectVersion = 50;
	objects = {

/* Begin PBXBuildFile section */
		5DC433A921EA169B006AEB08 /* AppDelegate.swift in Sources */ = {isa = PBXBuildFile; fileRef = 5DC433A821EA169B006AEB08 /* AppDelegate.swift */; };
		5DC433AB21EA169B006AEB08 /* ViewController.swift in Sources */ = {isa = PBXBuildFile; fileRef = 5DC433AA21EA169B006AEB08 /* ViewController.swift */; };
		5DC433AE21EA169B006AEB08 /* Main.storyboard in Resources */ = {isa = PBXBuildFile; fileRef = 5DC433AC21EA169B006AEB08 /* Main.storyboard */; };
		5DC433B021EA169C006AEB08 /* Assets.xcassets in Resources */ = {isa = PBXBuildFile; fileRef = 5DC433AF21EA169C006AEB08 /* Assets.xcassets */; };
		5DC433B321EA169C006AEB08 /* LaunchScreen.storyboard in Resources */ = {isa = PBXBuildFile; fileRef = 5DC433B121EA169C006AEB08 /* LaunchScreen.storyboard */; };
		5DC433BE21EA169C006AEB08 /* testTests.swift in Sources */ = {isa = PBXBuildFile; fileRef = 5DC433BD21EA169C006AEB08 /* testTests.swift */; };
		5DC433C921EA169C006AEB08 /* testUITests.swift in Sources */ = {isa = PBXBuildFile; fileRef = 5DC433C821EA169C006AEB08 /* testUITests.swift */; };
/* End PBXBuildFile section */

/* Begin PBXContainerItemProxy section */
		5DC433BA21EA169C006AEB08 /* PBXContainerItemProxy */ = {
			isa = PBXContainerItemProxy;
			containerPortal = 5DC4339D21EA169B006AEB08 /* Project object */;
			proxyType = 1;
			remoteGlobalIDString = 5DC433A421EA169B006AEB08;
			remoteInfo = test;
		};
		5DC433C521EA169C006AEB08 /* PBXContainerItemProxy */ = {
			isa = PBXContainerItemProxy;
			containerPortal = 5DC4339D21EA169B006AEB08 /* Project object */;
			proxyType = 1;
			remoteGlobalIDString = 5DC433A421EA169B006AEB08;
			remoteInfo = test;
		};
/* End PBXContainerItemProxy section */

/* Begin PBXFileReference section */
		5DC433A521EA169B006AEB08 /* test.app */ = {isa = PBXFileReference; explicitFileType = wrapper.application; includeInIndex = 0; path = test.app; sourceTree = BUILT_PRODUCTS_DIR; };
		5DC433A821EA169B006AEB08 /* AppDelegate.swift */ = {isa = PBXFileReference; lastKnownFileType = sourcecode.swift; path = AppDelegate.swift; sourceTree = "<group>"; };
		5DC433AA21EA169B006AEB08 /* ViewController.swift */ = {isa = PBXFileReference; lastKnownFileType = sourcecode.swift; path = ViewController.swift; sourceTree = "<group>"; };
		5DC433AD21EA169B006AEB08 /* Base */ = {isa = PBXFileReference; lastKnownFileType = file.storyboard; name = Base; path = Base.lproj/Main.storyboard; sourceTree = "<group>"; };
		5DC433AF21EA169C006AEB08 /* Assets.xcassets */ = {isa = PBXFileReference; lastKnownFileType = folder.assetcatalog; path = Assets.xcassets; sourceTree = "<group>"; };
		5DC433B221EA169C006AEB08 /* Base */ = {isa = PBXFileReference; lastKnownFileType = file.storyboard; name = Base; path = Base.lproj/LaunchScreen.storyboard; sourceTree = "<group>"; };
		5DC433B421EA169C006AEB08 /* Info.plist */ = {isa = PBXFileReference; lastKnownFileType = text.plist.xml; path = Info.plist; sourceTree = "<group>"; };
		5DC433B921EA169C006AEB08 /* testTests.xctest */ = {isa = PBXFileReference; explicitFileType = wrapper.cfbundle; includeInIndex = 0; path = testTests.xctest; sourceTree = BUILT_PRODUCTS_DIR; };
		5DC433BD21EA169C006AEB08 /* testTests.swift */ = {isa = PBXFileReference; lastKnownFileType = sourcecode.swift; path = testTests.swift; sourceTree = "<group>"; };
		5DC433BF21EA169C006AEB08 /* Info.plist */ = {isa = PBXFileReference; lastKnownFileType = text.plist.xml; path = Info.plist; sourceTree = "<group>"; };
		5DC433C421EA169C006AEB08 /* testUITests.xctest */ = {isa = PBXFileReference; explicitFileType = wrapper.cfbundle; includeInIndex = 0; path = testUITests.xctest; sourceTree = BUILT_PRODUCTS_DIR; };
		5DC433C821EA169C006AEB08 /* testUITests.swift */ = {isa = PBXFileReference; lastKnownFileType = sourcecode.swift; path = testUITests.swift; sourceTree = "<group>"; };
		5DC433CA21EA169C006AEB08 /* Info.plist */ = {isa = PBXFileReference; lastKnownFileType = text.plist.xml; path = Info.plist; sourceTree = "<group>"; };
/* End PBXFileReference section */

/* Begin PBXFrameworksBuildPhase section */
		5DC433A221EA169B006AEB08 /* Frameworks */ = {
			isa = PBXFrameworksBuildPhase;
			buildActionMask = 2147483647;
			files = (
			);
			runOnlyForDeploymentPostprocessing = 0;
		};
		5DC433B621EA169C006AEB08 /* Frameworks */ = {
			isa = PBXFrameworksBuildPhase;
			buildActionMask = 2147483647;
			files = (
			);
			runOnlyForDeploymentPostprocessing = 0;
		};
		5DC433C121EA169C006AEB08 /* Frameworks */ = {
			isa = PBXFrameworksBuildPhase;
			buildActionMask = 2147483647;
			files = (
			);
			runOnlyForDeploymentPostprocessing = 0;
		};
/* End PBXFrameworksBuildPhase section */

/* Begin PBXGroup section */
		5DC4339C21EA169B006AEB08 = {
			isa = PBXGroup;
			children = (
				5DC433A721EA169B006AEB08 /* test */,
				5DC433BC21EA169C006AEB08 /* testTests */,
				5DC433C721EA169C006AEB08 /* testUITests */,
				5DC433A621EA169B006AEB08 /* Products */,
			);
			sourceTree = "<group>";
		};
		5DC433A621EA169B006AEB08 /* Products */ = {
			isa = PBXGroup;
			children = (
				5DC433A521EA169B006AEB08 /* test.app */,
				5DC433B921EA169C006AEB08 /* testTests.xctest */,
				5DC433C421EA169C006AEB08 /* testUITests.xctest */,
			);
			name = Products;
			sourceTree = "<group>";
		};
		5DC433A721EA169B006AEB08 /* test */ = {
			isa = PBXGroup;
			children = (
				5DC433A821EA169B006AEB08 /* AppDelegate.swift */,
				5DC433AA21EA169B006AEB08 /* ViewController.swift */,
				5DC433AC21EA169B006AEB08 /* Main.storyboard */,
				5DC433AF21EA169C006AEB08 /* Assets.xcassets */,
				5DC433B121EA169C006AEB08 /* LaunchScreen.storyboard */,
				5DC433B421EA169C006AEB08 /* Info.plist */,
			);
			path = test;
			sourceTree = "<group>";
		};
		5DC433BC21EA169C006AEB08 /* testTests */ = {
			isa = PBXGroup;
			children = (
				5DC433BD21EA169C006AEB08 /* testTests.swift */,
				5DC433BF21EA169C006AEB08 /* Info.plist */,
			);
			path = testTests;
			sourceTree = "<group>";
		};
		5DC433C721EA169C006AEB08 /* testUITests */ = {
			isa = PBXGroup;
			children = (
				5DC433C821EA169C006AEB08 /* testUITests.swift */,
				5DC433CA21EA169C006AEB08 /* Info.plist */,
			);
			path = testUITests;
			sourceTree = "<group>";
		};
/* End PBXGroup section */

/* Begin PBXNativeTarget section */
		5DC433A421EA169B006AEB08 /* test */ = {
			isa = PBXNativeTarget;
			buildConfigurationList = 5DC433CD21EA169C006AEB08 /* Build configuration list for PBXNativeTarget "test" */;
			buildPhases = (
				5DC433A121EA169B006AEB08 /* Sources */,
				5DC433A221EA169B006AEB08 /* Frameworks */,
				5DC433A321EA169B006AEB08 /* Resources */,
			);
			buildRules = (
			);
			dependencies = (
			);
			name = test;
			productName = test;
			productReference = 5DC433A521EA169B006AEB08 /* test.app */;
			productType = "com.apple.product-type.application";
		};
		5DC433B821EA169C006AEB08 /* testTests */ = {
			isa = PBXNativeTarget;
			buildConfigurationList = 5DC433D021EA169C006AEB08 /* Build configuration list for PBXNativeTarget "testTests" */;
			buildPhases = (
				5DC433B521EA169C006AEB08 /* Sources */,
				5DC433B621EA169C006AEB08 /* Frameworks */,
				5DC433B721EA169C006AEB08 /* Resources */,
			);
			buildRules = (
			);
			dependencies = (
				5DC433BB21EA169C006AEB08 /* PBXTargetDependency */,
			);
			name = testTests;
			productName = testTests;
			productReference = 5DC433B921EA169C006AEB08 /* testTests.xctest */;
			productType = "com.apple.product-type.bundle.unit-test";
		};
		5DC433C321EA169C006AEB08 /* testUITests */ = {
			isa = PBXNativeTarget;
			buildConfigurationList = 5DC433D321EA169C006AEB08 /* Build configuration list for PBXNativeTarget "testUITests" */;
			buildPhases = (
				5DC433C021EA169C006AEB08 /* Sources */,
				5DC433C121EA169C006AEB08 /* Frameworks */,
				5DC433C221EA169C006AEB08 /* Resources */,
			);
			buildRules = (
			);
			dependencies = (
				5DC433C621EA169C006AEB08 /* PBXTargetDependency */,
			);
			name = testUITests;
			productName = testUITests;
			productReference = 5DC433C421EA169C006AEB08 /* testUITests.xctest */;
			productType = "com.apple.product-type.bundle.ui-testing";
		};
/* End PBXNativeTarget section */

/* Begin PBXProject section */
		5DC4339D21EA169B006AEB08 /* Project object */ = {
			isa = PBXProject;
			attributes = {
				LastSwiftUpdateCheck = 1010;
				LastUpgradeCheck = 1010;
				ORGANIZATIONNAME = "Vlad V..";
				TargetAttributes = {
					5DC433A421EA169B006AEB08 = {
						CreatedOnToolsVersion = 10.1;
					};
					5DC433B821EA169C006AEB08 = {
						CreatedOnToolsVersion = 10.1;
						TestTargetID = 5DC433A421EA169B006AEB08;
					};
					5DC433C321EA169C006AEB08 = {
						CreatedOnToolsVersion = 10.1;
						TestTargetID = 5DC433A421EA169B006AEB08;
					};
				};
			};
			buildConfigurationList = 5DC433A021EA169B006AEB08 /* Build configuration list for PBXProject "test" */;
			compatibilityVersion = "Xcode 9.3";
			developmentRegion = en;
			hasScannedForEncodings = 0;
			knownRegions = (
				en,
				Base,
			);
			mainGroup = 5DC4339C21EA169B006AEB08;
			productRefGroup = 5DC433A621EA169B006AEB08 /* Products */;
			projectDirPath = "";
			projectRoot = "";
			targets = (
				5DC433A421EA169B006AEB08 /* test */,
				5DC433B821EA169C006AEB08 /* testTests */,
				5DC433C321EA169C006AEB08 /* testUITests */,
			);
		};
/* End PBXProject section */

/* Begin PBXResourcesBuildPhase section */
		5DC433A321EA169B006AEB08 /* Resources */ = {
			isa = PBXResourcesBuildPhase;
			buildActionMask = 2147483647;
			files = (
				5DC433B321EA169C006AEB08 /* LaunchScreen.storyboard in Resources */,
				5DC433B021EA169C006AEB08 /* Assets.xcassets in Resources */,
				5DC433AE21EA169B006AEB08 /* Main.storyboard in Resources */,
			);
			runOnlyForDeploymentPostprocessing = 0;
		};
		5DC433B721EA169C006AEB08 /* Resources */ = {
			isa = PBXResourcesBuildPhase;
			buildActionMask = 2147483647;
			files = (
			);
			runOnlyForDeploymentPostprocessing = 0;
		};
		5DC433C221EA169C006AEB08 /* Resources */ = {
			isa = PBXResourcesBuildPhase;
			buildActionMask = 2147483647;
			files = (
			);
			runOnlyForDeploymentPostprocessing = 0;
		};
/* End PBXResourcesBuildPhase section */

/* Begin PBXSourcesBuildPhase section */
		5DC433A121EA169B006AEB08 /* Sources */ = {
			isa = PBXSourcesBuildPhase;
			buildActionMask = 2147483647;
			files = (
				5DC433AB21EA169B006AEB08 /* ViewController.swift in Sources */,
				5DC433A921EA169B006AEB08 /* AppDelegate.swift in Sources */,
			);
			runOnlyForDeploymentPostprocessing = 0;
		};
		5DC433B521EA169C006AEB08 /* Sources */ = {
			isa = PBXSourcesBuildPhase;
			buildActionMask = 2147483647;
			files = (
				5DC433BE21EA169C006AEB08 /* testTests.swift in Sources */,
			);
			runOnlyForDeploymentPostprocessing = 0;
		};
		5DC433C021EA169C006AEB08 /* Sources */ = {
			isa = PBXSourcesBuildPhase;
			buildActionMask = 2147483647;
			files = (
				5DC433C921EA169C006AEB08 /* testUITests.swift in Sources */,
			);
			runOnlyForDeploymentPostprocessing = 0;
		};
/* End PBXSourcesBuildPhase section */

/* Begin PBXTargetDependency section */
		5DC433BB21EA169C006AEB08 /* PBXTargetDependency */ = {
			isa = PBXTargetDependency;
			target = 5DC433A421EA169B006AEB08 /* test */;
			targetProxy = 5DC433BA21EA169C006AEB08 /* PBXContainerItemProxy */;
		};
		5DC433C621EA169C006AEB08 /* PBXTargetDependency */ = {
			isa = PBXTargetDependency;
			target = 5DC433A421EA169B006AEB08 /* test */;
			targetProxy = 5DC433C521EA169C006AEB08 /* PBXContainerItemProxy */;
		};
/* End PBXTargetDependency section */

/* Begin PBXVariantGroup section */
		5DC433AC21EA169B006AEB08 /* Main.storyboard */ = {
			isa = PBXVariantGroup;
			children = (
				5DC433AD21EA169B006AEB08 /* Base */,
			);
			name = Main.storyboard;
			sourceTree = "<group>";
		};
		5DC433B121EA169C006AEB08 /* LaunchScreen.storyboard */ = {
			isa = PBXVariantGroup;
			children = (
				5DC433B221EA169C006AEB08 /* Base */,
			);
			name = LaunchScreen.storyboard;
			sourceTree = "<group>";
		};
/* End PBXVariantGroup section */

/* Begin XCBuildConfiguration section */
		5DC433CB21EA169C006AEB08 /* Debug */ = {
			isa = XCBuildConfiguration;
			buildSettings = {
				ALWAYS_SEARCH_USER_PATHS = NO;
				CLANG_ANALYZER_NONNULL = YES;
				CLANG_ANALYZER_NUMBER_OBJECT_CONVERSION = YES_AGGRESSIVE;
				CLANG_CXX_LANGUAGE_STANDARD = "gnu++14";
				CLANG_CXX_LIBRARY = "libc++";
				CLANG_ENABLE_MODULES = YES;
				CLANG_ENABLE_OBJC_ARC = YES;
				CLANG_ENABLE_OBJC_WEAK = YES;
				CLANG_WARN_BLOCK_CAPTURE_AUTORELEASING = YES;
				CLANG_WARN_BOOL_CONVERSION = YES;
				CLANG_WARN_COMMA = YES;
				CLANG_WARN_CONSTANT_CONVERSION = YES;
				CLANG_WARN_DEPRECATED_OBJC_IMPLEMENTATIONS = YES;
				CLANG_WARN_DIRECT_OBJC_ISA_USAGE = YES_ERROR;
				CLANG_WARN_DOCUMENTATION_COMMENTS = YES;
				CLANG_WARN_EMPTY_BODY = YES;
				CLANG_WARN_ENUM_CONVERSION = YES;
				CLANG_WARN_INFINITE_RECURSION = YES;
				CLANG_WARN_INT_CONVERSION = YES;
				CLANG_WARN_NON_LITERAL_NULL_CONVERSION = YES;
				CLANG_WARN_OBJC_IMPLICIT_RETAIN_SELF = YES;
				CLANG_WARN_OBJC_LITERAL_CONVERSION = YES;
				CLANG_WARN_OBJC_ROOT_CLASS = YES_ERROR;
				CLANG_WARN_RANGE_LOOP_ANALYSIS = YES;
				CLANG_WARN_STRICT_PROTOTYPES = YES;
				CLANG_WARN_SUSPICIOUS_MOVE = YES;
				CLANG_WARN_UNGUARDED_AVAILABILITY = YES_AGGRESSIVE;
				CLANG_WARN_UNREACHABLE_CODE = YES;
				CLANG_WARN__DUPLICATE_METHOD_MATCH = YES;
				CODE_SIGN_IDENTITY = "iPhone Developer";
				COPY_PHASE_STRIP = NO;
				DEBUG_INFORMATION_FORMAT = dwarf;
				ENABLE_STRICT_OBJC_MSGSEND = YES;
				ENABLE_TESTABILITY = YES;
				GCC_C_LANGUAGE_STANDARD = gnu11;
				GCC_DYNAMIC_NO_PIC = NO;
				GCC_NO_COMMON_BLOCKS = YES;
				GCC_OPTIMIZATION_LEVEL = 0;
				GCC_PREPROCESSOR_DEFINITIONS = (
					"DEBUG=1",
					"$(inherited)",
				);
				GCC_WARN_64_TO_32_BIT_CONVERSION = YES;
				GCC_WARN_ABOUT_RETURN_TYPE = YES_ERROR;
				GCC_WARN_UNDECLARED_SELECTOR = YES;
				GCC_WARN_UNINITIALIZED_AUTOS = YES_AGGRESSIVE;
				GCC_WARN_UNUSED_FUNCTION = YES;
				GCC_WARN_UNUSED_VARIABLE = YES;
				IPHONEOS_DEPLOYMENT_TARGET = 12.1;
				MTL_ENABLE_DEBUG_INFO = INCLUDE_SOURCE;
				MTL_FAST_MATH = YES;
				ONLY_ACTIVE_ARCH = YES;
				SDKROOT = iphoneos;
				SWIFT_ACTIVE_COMPILATION_CONDITIONS = DEBUG;
				SWIFT_OPTIMIZATION_LEVEL = "-Onone";
			};
			name = Debug;
		};
		5DC433CC21EA169C006AEB08 /* Release */ = {
			isa = XCBuildConfiguration;
			buildSettings = {
				ALWAYS_SEARCH_USER_PATHS = NO;
				CLANG_ANALYZER_NONNULL = YES;
				CLANG_ANALYZER_NUMBER_OBJECT_CONVERSION = YES_AGGRESSIVE;
				CLANG_CXX_LANGUAGE_STANDARD = "gnu++14";
				CLANG_CXX_LIBRARY = "libc++";
				CLANG_ENABLE_MODULES = YES;
				CLANG_ENABLE_OBJC_ARC = YES;
				CLANG_ENABLE_OBJC_WEAK = YES;
				CLANG_WARN_BLOCK_CAPTURE_AUTORELEASING = YES;
				CLANG_WARN_BOOL_CONVERSION = YES;
				CLANG_WARN_COMMA = YES;
				CLANG_WARN_CONSTANT_CONVERSION = YES;
				CLANG_WARN_DEPRECATED_OBJC_IMPLEMENTATIONS = YES;
				CLANG_WARN_DIRECT_OBJC_ISA_USAGE = YES_ERROR;
				CLANG_WARN_DOCUMENTATION_COMMENTS = YES;
				CLANG_WARN_EMPTY_BODY = YES;
				CLANG_WARN_ENUM_CONVERSION = YES;
				CLANG_WARN_INFINITE_RECURSION = YES;
				CLANG_WARN_INT_CONVERSION = YES;
				CLANG_WARN_NON_LITERAL_NULL_CONVERSION = YES;
				CLANG_WARN_OBJC_IMPLICIT_RETAIN_SELF = YES;
				CLANG_WARN_OBJC_LITERAL_CONVERSION = YES;
				CLANG_WARN_OBJC_ROOT_CLASS = YES_ERROR;
				CLANG_WARN_RANGE_LOOP_ANALYSIS = YES;
				CLANG_WARN_STRICT_PROTOTYPES = YES;
				CLANG_WARN_SUSPICIOUS_MOVE = YES;
				CLANG_WARN_UNGUARDED_AVAILABILITY = YES_AGGRESSIVE;
				CLANG_WARN_UNREACHABLE_CODE = YES;
				CLANG_WARN__DUPLICATE_METHOD_MATCH = YES;
				CODE_SIGN_IDENTITY = "iPhone Developer";
				COPY_PHASE_STRIP = NO;
				DEBUG_INFORMATION_FORMAT = "dwarf-with-dsym";
				ENABLE_NS_ASSERTIONS = NO;
				ENABLE_STRICT_OBJC_MSGSEND = YES;
				GCC_C_LANGUAGE_STANDARD = gnu11;
				GCC_NO_COMMON_BLOCKS = YES;
				GCC_WARN_64_TO_32_BIT_CONVERSION = YES;
				GCC_WARN_ABOUT_RETURN_TYPE = YES_ERROR;
				GCC_WARN_UNDECLARED_SELECTOR = YES;
				GCC_WARN_UNINITIALIZED_AUTOS = YES_AGGRESSIVE;
				GCC_WARN_UNUSED_FUNCTION = YES;
				GCC_WARN_UNUSED_VARIABLE = YES;
				IPHONEOS_DEPLOYMENT_TARGET = 12.1;
				MTL_ENABLE_DEBUG_INFO = NO;
				MTL_FAST_MATH = YES;
				SDKROOT = iphoneos;
				SWIFT_COMPILATION_MODE = wholemodule;
				SWIFT_OPTIMIZATION_LEVEL = "-O";
				VALIDATE_PRODUCT = YES;
			};
			name = Release;
		};
		5DC433CE21EA169C006AEB08 /* Debug */ = {
			isa = XCBuildConfiguration;
			buildSettings = {
				ASSETCATALOG_COMPILER_APPICON_NAME = AppIcon;
				CODE_SIGN_STYLE = Automatic;
				DEVELOPMENT_TEAM = 72L65TPL5Q;
				INFOPLIST_FILE = test/Info.plist;
				LD_RUNPATH_SEARCH_PATHS = (
					"$(inherited)",
					"@executable_path/Frameworks",
				);
				PRODUCT_BUNDLE_IDENTIFIER = vladvasil.test;
				PRODUCT_NAME = "$(TARGET_NAME)";
				SWIFT_VERSION = 4.2;
				TARGETED_DEVICE_FAMILY = "1,2";
			};
			name = Debug;
		};
		5DC433CF21EA169C006AEB08 /* Release */ = {
			isa = XCBuildConfiguration;
			buildSettings = {
				ASSETCATALOG_COMPILER_APPICON_NAME = AppIcon;
				CODE_SIGN_STYLE = Automatic;
				DEVELOPMENT_TEAM = 72L65TPL5Q;
				INFOPLIST_FILE = test/Info.plist;
				LD_RUNPATH_SEARCH_PATHS = (
					"$(inherited)",
					"@executable_path/Frameworks",
				);
				PRODUCT_BUNDLE_IDENTIFIER = vladvasil.test;
				PRODUCT_NAME = "$(TARGET_NAME)";
				SWIFT_VERSION = 4.2;
				TARGETED_DEVICE_FAMILY = "1,2";
			};
			name = Release;
		};
		5DC433D121EA169C006AEB08 /* Debug */ = {
			isa = XCBuildConfiguration;
			buildSettings = {
				ALWAYS_EMBED_SWIFT_STANDARD_LIBRARIES = YES;
				BUNDLE_LOADER = "$(TEST_HOST)";
				CODE_SIGN_STYLE = Automatic;
				DEVELOPMENT_TEAM = 72L65TPL5Q;
				INFOPLIST_FILE = testTests/Info.plist;
				LD_RUNPATH_SEARCH_PATHS = (
					"$(inherited)",
					"@executable_path/Frameworks",
					"@loader_path/Frameworks",
				);
				PRODUCT_BUNDLE_IDENTIFIER = vladvasil.testTests;
				PRODUCT_NAME = "$(TARGET_NAME)";
				SWIFT_VERSION = 4.2;
				TARGETED_DEVICE_FAMILY = "1,2";
				TEST_HOST = "$(BUILT_PRODUCTS_DIR)/test.app/test";
			};
			name = Debug;
		};
		5DC433D221EA169C006AEB08 /* Release */ = {
			isa = XCBuildConfiguration;
			buildSettings = {
				ALWAYS_EMBED_SWIFT_STANDARD_LIBRARIES = YES;
				BUNDLE_LOADER = "$(TEST_HOST)";
				CODE_SIGN_STYLE = Automatic;
				DEVELOPMENT_TEAM = 72L65TPL5Q;
				INFOPLIST_FILE = testTests/Info.plist;
				LD_RUNPATH_SEARCH_PATHS = (
					"$(inherited)",
					"@executable_path/Frameworks",
					"@loader_path/Frameworks",
				);
				PRODUCT_BUNDLE_IDENTIFIER = vladvasil.testTests;
				PRODUCT_NAME = "$(TARGET_NAME)";
				SWIFT_VERSION = 4.2;
				TARGETED_DEVICE_FAMILY = "1,2";
				TEST_HOST = "$(BUILT_PRODUCTS_DIR)/test.app/test";
			};
			name = Release;
		};
		5DC433D421EA169C006AEB08 /* Debug */ = {
			isa = XCBuildConfiguration;
			buildSettings = {
				ALWAYS_EMBED_SWIFT_STANDARD_LIBRARIES = YES;
				CODE_SIGN_STYLE = Automatic;
				DEVELOPMENT_TEAM = 72L65TPL5Q;
				INFOPLIST_FILE = testUITests/Info.plist;
				LD_RUNPATH_SEARCH_PATHS = (
					"$(inherited)",
					"@executable_path/Frameworks",
					"@loader_path/Frameworks",
				);
				PRODUCT_BUNDLE_IDENTIFIER = vladvasil.testUITests;
				PRODUCT_NAME = "$(TARGET_NAME)";
				SWIFT_VERSION = 4.2;
				TARGETED_DEVICE_FAMILY = "1,2";
				TEST_TARGET_NAME = test;
			};
			name = Debug;
		};
		5DC433D521EA169C006AEB08 /* Release */ = {
			isa = XCBuildConfiguration;
			buildSettings = {
				ALWAYS_EMBED_SWIFT_STANDARD_LIBRARIES = YES;
				CODE_SIGN_STYLE = Automatic;
				DEVELOPMENT_TEAM = 72L65TPL5Q;
				INFOPLIST_FILE = testUITests/Info.plist;
				LD_RUNPATH_SEARCH_PATHS = (
					"$(inherited)",
					"@executable_path/Frameworks",
					"@loader_path/Frameworks",
				);
				PRODUCT_BUNDLE_IDENTIFIER = vladvasil.testUITests;
				PRODUCT_NAME = "$(TARGET_NAME)";
				SWIFT_VERSION = 4.2;
				TARGETED_DEVICE_FAMILY = "1,2";
				TEST_TARGET_NAME = test;
			};
			name = Release;
		};
/* End XCBuildConfiguration section */

/* Begin XCConfigurationList section */
		5DC433A021EA169B006AEB08 /* Build configuration list for PBXProject "test" */ = {
			isa = XCConfigurationList;
			buildConfigurations = (
				5DC433CB21EA169C006AEB08 /* Debug */,
				5DC433CC21EA169C006AEB08 /* Release */,
			);
			defaultConfigurationIsVisible = 0;
			defaultConfigurationName = Release;
		};
		5DC433CD21EA169C006AEB08 /* Build configuration list for PBXNativeTarget "test" */ = {
			isa = XCConfigurationList;
			buildConfigurations = (
				5DC433CE21EA169C006AEB08 /* Debug */,
				5DC433CF21EA169C006AEB08 /* Release */,
			);
			defaultConfigurationIsVisible = 0;
			defaultConfigurationName = Release;
		};
		5DC433D021EA169C006AEB08 /* Build configuration list for PBXNativeTarget "testTests" */ = {
			isa = XCConfigurationList;
			buildConfigurations = (
				5DC433D121EA169C006AEB08 /* Debug */,
				5DC433D221EA169C006AEB08 /* Release */,
			);
			defaultConfigurationIsVisible = 0;
			defaultConfigurationName = Release;
		};
		5DC433D321EA169C006AEB08 /* Build configuration list for PBXNativeTarget "testUITests" */ = {
			isa = XCConfigurationList;
			buildConfigurations = (
				5DC433D421EA169C006AEB08 /* Debug */,
				5DC433D521EA169C006AEB08 /* Release */,
			);
			defaultConfigurationIsVisible = 0;
			defaultConfigurationName = Release;
		};
/* End XCConfigurationList section */
	};
	rootObject = 5DC4339D21EA169B006AEB08 /* Project object */;
}
